// !$*UTF8*$!
{
	archiveVersion = 1;
	classes = {
	};
	objectVersion = 50;
	objects = {

/* Begin PBXBuildFile section */
		D359CE3621B2442100EA4675 /* AppDelegate.swift in Sources */ = {isa = PBXBuildFile; fileRef = D359CE3521B2442100EA4675 /* AppDelegate.swift */; };
		D359CE3821B2442100EA4675 /* art.scnassets in Resources */ = {isa = PBXBuildFile; fileRef = D359CE3721B2442100EA4675 /* art.scnassets */; };
		D359CE3A21B2442100EA4675 /* ViewController.swift in Sources */ = {isa = PBXBuildFile; fileRef = D359CE3921B2442100EA4675 /* ViewController.swift */; };
		D359CE3D21B2442100EA4675 /* Main.storyboard in Resources */ = {isa = PBXBuildFile; fileRef = D359CE3B21B2442100EA4675 /* Main.storyboard */; };
		D359CE3F21B2442300EA4675 /* Assets.xcassets in Resources */ = {isa = PBXBuildFile; fileRef = D359CE3E21B2442300EA4675 /* Assets.xcassets */; };
		D359CE4221B2442300EA4675 /* LaunchScreen.storyboard in Resources */ = {isa = PBXBuildFile; fileRef = D359CE4021B2442300EA4675 /* LaunchScreen.storyboard */; };
		D359CE4D21B2442300EA4675 /* ARKitSampleTests.swift in Sources */ = {isa = PBXBuildFile; fileRef = D359CE4C21B2442300EA4675 /* ARKitSampleTests.swift */; };
		D359CE5821B2442300EA4675 /* ARKitSampleUITests.swift in Sources */ = {isa = PBXBuildFile; fileRef = D359CE5721B2442300EA4675 /* ARKitSampleUITests.swift */; };
		D359CE6621B2445400EA4675 /* QRViewController.swift in Sources */ = {isa = PBXBuildFile; fileRef = D359CE6521B2445400EA4675 /* QRViewController.swift */; };
/* End PBXBuildFile section */

/* Begin PBXContainerItemProxy section */
		D359CE4921B2442300EA4675 /* PBXContainerItemProxy */ = {
			isa = PBXContainerItemProxy;
			containerPortal = D359CE2A21B2442100EA4675 /* Project object */;
			proxyType = 1;
			remoteGlobalIDString = D359CE3121B2442100EA4675;
			remoteInfo = ARKitSample;
		};
		D359CE5421B2442300EA4675 /* PBXContainerItemProxy */ = {
			isa = PBXContainerItemProxy;
			containerPortal = D359CE2A21B2442100EA4675 /* Project object */;
			proxyType = 1;
			remoteGlobalIDString = D359CE3121B2442100EA4675;
			remoteInfo = ARKitSample;
		};
/* End PBXContainerItemProxy section */

/* Begin PBXFileReference section */
		D359CE3221B2442100EA4675 /* ARKitSample.app */ = {isa = PBXFileReference; explicitFileType = wrapper.application; includeInIndex = 0; path = ARKitSample.app; sourceTree = BUILT_PRODUCTS_DIR; };
		D359CE3521B2442100EA4675 /* AppDelegate.swift */ = {isa = PBXFileReference; lastKnownFileType = sourcecode.swift; path = AppDelegate.swift; sourceTree = "<group>"; };
		D359CE3721B2442100EA4675 /* art.scnassets */ = {isa = PBXFileReference; lastKnownFileType = wrapper.scnassets; path = art.scnassets; sourceTree = "<group>"; };
		D359CE3921B2442100EA4675 /* ViewController.swift */ = {isa = PBXFileReference; lastKnownFileType = sourcecode.swift; path = ViewController.swift; sourceTree = "<group>"; };
		D359CE3C21B2442100EA4675 /* Base */ = {isa = PBXFileReference; lastKnownFileType = file.storyboard; name = Base; path = Base.lproj/Main.storyboard; sourceTree = "<group>"; };
		D359CE3E21B2442300EA4675 /* Assets.xcassets */ = {isa = PBXFileReference; lastKnownFileType = folder.assetcatalog; path = Assets.xcassets; sourceTree = "<group>"; };
		D359CE4121B2442300EA4675 /* Base */ = {isa = PBXFileReference; lastKnownFileType = file.storyboard; name = Base; path = Base.lproj/LaunchScreen.storyboard; sourceTree = "<group>"; };
		D359CE4321B2442300EA4675 /* Info.plist */ = {isa = PBXFileReference; lastKnownFileType = text.plist.xml; path = Info.plist; sourceTree = "<group>"; };
		D359CE4821B2442300EA4675 /* ARKitSampleTests.xctest */ = {isa = PBXFileReference; explicitFileType = wrapper.cfbundle; includeInIndex = 0; path = ARKitSampleTests.xctest; sourceTree = BUILT_PRODUCTS_DIR; };
		D359CE4C21B2442300EA4675 /* ARKitSampleTests.swift */ = {isa = PBXFileReference; lastKnownFileType = sourcecode.swift; path = ARKitSampleTests.swift; sourceTree = "<group>"; };
		D359CE4E21B2442300EA4675 /* Info.plist */ = {isa = PBXFileReference; lastKnownFileType = text.plist.xml; path = Info.plist; sourceTree = "<group>"; };
		D359CE5321B2442300EA4675 /* ARKitSampleUITests.xctest */ = {isa = PBXFileReference; explicitFileType = wrapper.cfbundle; includeInIndex = 0; path = ARKitSampleUITests.xctest; sourceTree = BUILT_PRODUCTS_DIR; };
		D359CE5721B2442300EA4675 /* ARKitSampleUITests.swift */ = {isa = PBXFileReference; lastKnownFileType = sourcecode.swift; path = ARKitSampleUITests.swift; sourceTree = "<group>"; };
		D359CE5921B2442300EA4675 /* Info.plist */ = {isa = PBXFileReference; lastKnownFileType = text.plist.xml; path = Info.plist; sourceTree = "<group>"; };
		D359CE6521B2445400EA4675 /* QRViewController.swift */ = {isa = PBXFileReference; lastKnownFileType = sourcecode.swift; path = QRViewController.swift; sourceTree = "<group>"; };
/* End PBXFileReference section */

/* Begin PBXFrameworksBuildPhase section */
		D359CE2F21B2442100EA4675 /* Frameworks */ = {
			isa = PBXFrameworksBuildPhase;
			buildActionMask = 2147483647;
			files = (
			);
			runOnlyForDeploymentPostprocessing = 0;
		};
		D359CE4521B2442300EA4675 /* Frameworks */ = {
			isa = PBXFrameworksBuildPhase;
			buildActionMask = 2147483647;
			files = (
			);
			runOnlyForDeploymentPostprocessing = 0;
		};
		D359CE5021B2442300EA4675 /* Frameworks */ = {
			isa = PBXFrameworksBuildPhase;
			buildActionMask = 2147483647;
			files = (
			);
			runOnlyForDeploymentPostprocessing = 0;
		};
/* End PBXFrameworksBuildPhase section */

/* Begin PBXGroup section */
		D359CE2921B2442100EA4675 = {
			isa = PBXGroup;
			children = (
				D359CE3421B2442100EA4675 /* ARKitSample */,
				D359CE4B21B2442300EA4675 /* ARKitSampleTests */,
				D359CE5621B2442300EA4675 /* ARKitSampleUITests */,
				D359CE3321B2442100EA4675 /* Products */,
			);
			sourceTree = "<group>";
		};
		D359CE3321B2442100EA4675 /* Products */ = {
			isa = PBXGroup;
			children = (
				D359CE3221B2442100EA4675 /* ARKitSample.app */,
				D359CE4821B2442300EA4675 /* ARKitSampleTests.xctest */,
				D359CE5321B2442300EA4675 /* ARKitSampleUITests.xctest */,
			);
			name = Products;
			sourceTree = "<group>";
		};
		D359CE3421B2442100EA4675 /* ARKitSample */ = {
			isa = PBXGroup;
			children = (
				D359CE3521B2442100EA4675 /* AppDelegate.swift */,
				D359CE3721B2442100EA4675 /* art.scnassets */,
				D359CE3921B2442100EA4675 /* ViewController.swift */,
				D359CE6521B2445400EA4675 /* QRViewController.swift */,
				D359CE3B21B2442100EA4675 /* Main.storyboard */,
				D359CE3E21B2442300EA4675 /* Assets.xcassets */,
				D359CE4021B2442300EA4675 /* LaunchScreen.storyboard */,
				D359CE4321B2442300EA4675 /* Info.plist */,
			);
			path = ARKitSample;
			sourceTree = "<group>";
		};
		D359CE4B21B2442300EA4675 /* ARKitSampleTests */ = {
			isa = PBXGroup;
			children = (
				D359CE4C21B2442300EA4675 /* ARKitSampleTests.swift */,
				D359CE4E21B2442300EA4675 /* Info.plist */,
			);
			path = ARKitSampleTests;
			sourceTree = "<group>";
		};
		D359CE5621B2442300EA4675 /* ARKitSampleUITests */ = {
			isa = PBXGroup;
			children = (
				D359CE5721B2442300EA4675 /* ARKitSampleUITests.swift */,
				D359CE5921B2442300EA4675 /* Info.plist */,
			);
			path = ARKitSampleUITests;
			sourceTree = "<group>";
		};
/* End PBXGroup section */

/* Begin PBXNativeTarget section */
		D359CE3121B2442100EA4675 /* ARKitSample */ = {
			isa = PBXNativeTarget;
			buildConfigurationList = D359CE5C21B2442300EA4675 /* Build configuration list for PBXNativeTarget "ARKitSample" */;
			buildPhases = (
				D359CE2E21B2442100EA4675 /* Sources */,
				D359CE2F21B2442100EA4675 /* Frameworks */,
				D359CE3021B2442100EA4675 /* Resources */,
			);
			buildRules = (
			);
			dependencies = (
			);
			name = ARKitSample;
			productName = ARKitSample;
			productReference = D359CE3221B2442100EA4675 /* ARKitSample.app */;
			productType = "com.apple.product-type.application";
		};
		D359CE4721B2442300EA4675 /* ARKitSampleTests */ = {
			isa = PBXNativeTarget;
			buildConfigurationList = D359CE5F21B2442300EA4675 /* Build configuration list for PBXNativeTarget "ARKitSampleTests" */;
			buildPhases = (
				D359CE4421B2442300EA4675 /* Sources */,
				D359CE4521B2442300EA4675 /* Frameworks */,
				D359CE4621B2442300EA4675 /* Resources */,
			);
			buildRules = (
			);
			dependencies = (
				D359CE4A21B2442300EA4675 /* PBXTargetDependency */,
			);
			name = ARKitSampleTests;
			productName = ARKitSampleTests;
			productReference = D359CE4821B2442300EA4675 /* ARKitSampleTests.xctest */;
			productType = "com.apple.product-type.bundle.unit-test";
		};
		D359CE5221B2442300EA4675 /* ARKitSampleUITests */ = {
			isa = PBXNativeTarget;
			buildConfigurationList = D359CE6221B2442300EA4675 /* Build configuration list for PBXNativeTarget "ARKitSampleUITests" */;
			buildPhases = (
				D359CE4F21B2442300EA4675 /* Sources */,
				D359CE5021B2442300EA4675 /* Frameworks */,
				D359CE5121B2442300EA4675 /* Resources */,
			);
			buildRules = (
			);
			dependencies = (
				D359CE5521B2442300EA4675 /* PBXTargetDependency */,
			);
			name = ARKitSampleUITests;
			productName = ARKitSampleUITests;
			productReference = D359CE5321B2442300EA4675 /* ARKitSampleUITests.xctest */;
			productType = "com.apple.product-type.bundle.ui-testing";
		};
/* End PBXNativeTarget section */

/* Begin PBXProject section */
		D359CE2A21B2442100EA4675 /* Project object */ = {
			isa = PBXProject;
			attributes = {
				LastSwiftUpdateCheck = 1010;
				LastUpgradeCheck = 1010;
				ORGANIZATIONNAME = "Masaaki Uno";
				TargetAttributes = {
					D359CE3121B2442100EA4675 = {
						CreatedOnToolsVersion = 10.1;
					};
					D359CE4721B2442300EA4675 = {
						CreatedOnToolsVersion = 10.1;
						TestTargetID = D359CE3121B2442100EA4675;
					};
					D359CE5221B2442300EA4675 = {
						CreatedOnToolsVersion = 10.1;
						TestTargetID = D359CE3121B2442100EA4675;
					};
				};
			};
			buildConfigurationList = D359CE2D21B2442100EA4675 /* Build configuration list for PBXProject "ARKitSample" */;
			compatibilityVersion = "Xcode 9.3";
			developmentRegion = en;
			hasScannedForEncodings = 0;
			knownRegions = (
				en,
				Base,
			);
			mainGroup = D359CE2921B2442100EA4675;
			productRefGroup = D359CE3321B2442100EA4675 /* Products */;
			projectDirPath = "";
			projectRoot = "";
			targets = (
				D359CE3121B2442100EA4675 /* ARKitSample */,
				D359CE4721B2442300EA4675 /* ARKitSampleTests */,
				D359CE5221B2442300EA4675 /* ARKitSampleUITests */,
			);
		};
/* End PBXProject section */

/* Begin PBXResourcesBuildPhase section */
		D359CE3021B2442100EA4675 /* Resources */ = {
			isa = PBXResourcesBuildPhase;
			buildActionMask = 2147483647;
			files = (
				D359CE3821B2442100EA4675 /* art.scnassets in Resources */,
				D359CE4221B2442300EA4675 /* LaunchScreen.storyboard in Resources */,
				D359CE3F21B2442300EA4675 /* Assets.xcassets in Resources */,
				D359CE3D21B2442100EA4675 /* Main.storyboard in Resources */,
			);
			runOnlyForDeploymentPostprocessing = 0;
		};
		D359CE4621B2442300EA4675 /* Resources */ = {
			isa = PBXResourcesBuildPhase;
			buildActionMask = 2147483647;
			files = (
			);
			runOnlyForDeploymentPostprocessing = 0;
		};
		D359CE5121B2442300EA4675 /* Resources */ = {
			isa = PBXResourcesBuildPhase;
			buildActionMask = 2147483647;
			files = (
			);
			runOnlyForDeploymentPostprocessing = 0;
		};
/* End PBXResourcesBuildPhase section */

/* Begin PBXSourcesBuildPhase section */
		D359CE2E21B2442100EA4675 /* Sources */ = {
			isa = PBXSourcesBuildPhase;
			buildActionMask = 2147483647;
			files = (
				D359CE3A21B2442100EA4675 /* ViewController.swift in Sources */,
				D359CE3621B2442100EA4675 /* AppDelegate.swift in Sources */,
				D359CE6621B2445400EA4675 /* QRViewController.swift in Sources */,
			);
			runOnlyForDeploymentPostprocessing = 0;
		};
		D359CE4421B2442300EA4675 /* Sources */ = {
			isa = PBXSourcesBuildPhase;
			buildActionMask = 2147483647;
			files = (
				D359CE4D21B2442300EA4675 /* ARKitSampleTests.swift in Sources */,
			);
			runOnlyForDeploymentPostprocessing = 0;
		};
		D359CE4F21B2442300EA4675 /* Sources */ = {
			isa = PBXSourcesBuildPhase;
			buildActionMask = 2147483647;
			files = (
				D359CE5821B2442300EA4675 /* ARKitSampleUITests.swift in Sources */,
			);
			runOnlyForDeploymentPostprocessing = 0;
		};
/* End PBXSourcesBuildPhase section */

/* Begin PBXTargetDependency section */
		D359CE4A21B2442300EA4675 /* PBXTargetDependency */ = {
			isa = PBXTargetDependency;
			target = D359CE3121B2442100EA4675 /* ARKitSample */;
			targetProxy = D359CE4921B2442300EA4675 /* PBXContainerItemProxy */;
		};
		D359CE5521B2442300EA4675 /* PBXTargetDependency */ = {
			isa = PBXTargetDependency;
			target = D359CE3121B2442100EA4675 /* ARKitSample */;
			targetProxy = D359CE5421B2442300EA4675 /* PBXContainerItemProxy */;
		};
/* End PBXTargetDependency section */

/* Begin PBXVariantGroup section */
		D359CE3B21B2442100EA4675 /* Main.storyboard */ = {
			isa = PBXVariantGroup;
			children = (
				D359CE3C21B2442100EA4675 /* Base */,
			);
			name = Main.storyboard;
			sourceTree = "<group>";
		};
		D359CE4021B2442300EA4675 /* LaunchScreen.storyboard */ = {
			isa = PBXVariantGroup;
			children = (
				D359CE4121B2442300EA4675 /* Base */,
			);
			name = LaunchScreen.storyboard;
			sourceTree = "<group>";
		};
/* End PBXVariantGroup section */

/* Begin XCBuildConfiguration section */
		D359CE5A21B2442300EA4675 /* Debug */ = {
			isa = XCBuildConfiguration;
			buildSettings = {
				ALWAYS_SEARCH_USER_PATHS = NO;
				CLANG_ANALYZER_NONNULL = YES;
				CLANG_ANALYZER_NUMBER_OBJECT_CONVERSION = YES_AGGRESSIVE;
				CLANG_CXX_LANGUAGE_STANDARD = "gnu++14";
				CLANG_CXX_LIBRARY = "libc++";
				CLANG_ENABLE_MODULES = YES;
				CLANG_ENABLE_OBJC_ARC = YES;
				CLANG_ENABLE_OBJC_WEAK = YES;
				CLANG_WARN_BLOCK_CAPTURE_AUTORELEASING = YES;
				CLANG_WARN_BOOL_CONVERSION = YES;
				CLANG_WARN_COMMA = YES;
				CLANG_WARN_CONSTANT_CONVERSION = YES;
				CLANG_WARN_DEPRECATED_OBJC_IMPLEMENTATIONS = YES;
				CLANG_WARN_DIRECT_OBJC_ISA_USAGE = YES_ERROR;
				CLANG_WARN_DOCUMENTATION_COMMENTS = YES;
				CLANG_WARN_EMPTY_BODY = YES;
				CLANG_WARN_ENUM_CONVERSION = YES;
				CLANG_WARN_INFINITE_RECURSION = YES;
				CLANG_WARN_INT_CONVERSION = YES;
				CLANG_WARN_NON_LITERAL_NULL_CONVERSION = YES;
				CLANG_WARN_OBJC_IMPLICIT_RETAIN_SELF = YES;
				CLANG_WARN_OBJC_LITERAL_CONVERSION = YES;
				CLANG_WARN_OBJC_ROOT_CLASS = YES_ERROR;
				CLANG_WARN_RANGE_LOOP_ANALYSIS = YES;
				CLANG_WARN_STRICT_PROTOTYPES = YES;
				CLANG_WARN_SUSPICIOUS_MOVE = YES;
				CLANG_WARN_UNGUARDED_AVAILABILITY = YES_AGGRESSIVE;
				CLANG_WARN_UNREACHABLE_CODE = YES;
				CLANG_WARN__DUPLICATE_METHOD_MATCH = YES;
				CODE_SIGN_IDENTITY = "iPhone Developer";
				COPY_PHASE_STRIP = NO;
				DEBUG_INFORMATION_FORMAT = dwarf;
				ENABLE_STRICT_OBJC_MSGSEND = YES;
				ENABLE_TESTABILITY = YES;
				GCC_C_LANGUAGE_STANDARD = gnu11;
				GCC_DYNAMIC_NO_PIC = NO;
				GCC_NO_COMMON_BLOCKS = YES;
				GCC_OPTIMIZATION_LEVEL = 0;
				GCC_PREPROCESSOR_DEFINITIONS = (
					"DEBUG=1",
					"$(inherited)",
				);
				GCC_WARN_64_TO_32_BIT_CONVERSION = YES;
				GCC_WARN_ABOUT_RETURN_TYPE = YES_ERROR;
				GCC_WARN_UNDECLARED_SELECTOR = YES;
				GCC_WARN_UNINITIALIZED_AUTOS = YES_AGGRESSIVE;
				GCC_WARN_UNUSED_FUNCTION = YES;
				GCC_WARN_UNUSED_VARIABLE = YES;
				IPHONEOS_DEPLOYMENT_TARGET = 12.1;
				MTL_ENABLE_DEBUG_INFO = INCLUDE_SOURCE;
				MTL_FAST_MATH = YES;
				ONLY_ACTIVE_ARCH = YES;
				SDKROOT = iphoneos;
				SWIFT_ACTIVE_COMPILATION_CONDITIONS = DEBUG;
				SWIFT_OPTIMIZATION_LEVEL = "-Onone";
			};
			name = Debug;
		};
		D359CE5B21B2442300EA4675 /* Release */ = {
			isa = XCBuildConfiguration;
			buildSettings = {
				ALWAYS_SEARCH_USER_PATHS = NO;
				CLANG_ANALYZER_NONNULL = YES;
				CLANG_ANALYZER_NUMBER_OBJECT_CONVERSION = YES_AGGRESSIVE;
				CLANG_CXX_LANGUAGE_STANDARD = "gnu++14";
				CLANG_CXX_LIBRARY = "libc++";
				CLANG_ENABLE_MODULES = YES;
				CLANG_ENABLE_OBJC_ARC = YES;
				CLANG_ENABLE_OBJC_WEAK = YES;
				CLANG_WARN_BLOCK_CAPTURE_AUTORELEASING = YES;
				CLANG_WARN_BOOL_CONVERSION = YES;
				CLANG_WARN_COMMA = YES;
				CLANG_WARN_CONSTANT_CONVERSION = YES;
				CLANG_WARN_DEPRECATED_OBJC_IMPLEMENTATIONS = YES;
				CLANG_WARN_DIRECT_OBJC_ISA_USAGE = YES_ERROR;
				CLANG_WARN_DOCUMENTATION_COMMENTS = YES;
				CLANG_WARN_EMPTY_BODY = YES;
				CLANG_WARN_ENUM_CONVERSION = YES;
				CLANG_WARN_INFINITE_RECURSION = YES;
				CLANG_WARN_INT_CONVERSION = YES;
				CLANG_WARN_NON_LITERAL_NULL_CONVERSION = YES;
				CLANG_WARN_OBJC_IMPLICIT_RETAIN_SELF = YES;
				CLANG_WARN_OBJC_LITERAL_CONVERSION = YES;
				CLANG_WARN_OBJC_ROOT_CLASS = YES_ERROR;
				CLANG_WARN_RANGE_LOOP_ANALYSIS = YES;
				CLANG_WARN_STRICT_PROTOTYPES = YES;
				CLANG_WARN_SUSPICIOUS_MOVE = YES;
				CLANG_WARN_UNGUARDED_AVAILABILITY = YES_AGGRESSIVE;
				CLANG_WARN_UNREACHABLE_CODE = YES;
				CLANG_WARN__DUPLICATE_METHOD_MATCH = YES;
				CODE_SIGN_IDENTITY = "iPhone Developer";
				COPY_PHASE_STRIP = NO;
				DEBUG_INFORMATION_FORMAT = "dwarf-with-dsym";
				ENABLE_NS_ASSERTIONS = NO;
				ENABLE_STRICT_OBJC_MSGSEND = YES;
				GCC_C_LANGUAGE_STANDARD = gnu11;
				GCC_NO_COMMON_BLOCKS = YES;
				GCC_WARN_64_TO_32_BIT_CONVERSION = YES;
				GCC_WARN_ABOUT_RETURN_TYPE = YES_ERROR;
				GCC_WARN_UNDECLARED_SELECTOR = YES;
				GCC_WARN_UNINITIALIZED_AUTOS = YES_AGGRESSIVE;
				GCC_WARN_UNUSED_FUNCTION = YES;
				GCC_WARN_UNUSED_VARIABLE = YES;
				IPHONEOS_DEPLOYMENT_TARGET = 12.1;
				MTL_ENABLE_DEBUG_INFO = NO;
				MTL_FAST_MATH = YES;
				SDKROOT = iphoneos;
				SWIFT_COMPILATION_MODE = wholemodule;
				SWIFT_OPTIMIZATION_LEVEL = "-O";
				VALIDATE_PRODUCT = YES;
			};
			name = Release;
		};
		D359CE5D21B2442300EA4675 /* Debug */ = {
			isa = XCBuildConfiguration;
			buildSettings = {
				ASSETCATALOG_COMPILER_APPICON_NAME = AppIcon;
				CODE_SIGN_STYLE = Automatic;
				DEVELOPMENT_TEAM = 3C9BUVNG4D;
				INFOPLIST_FILE = ARKitSample/Info.plist;
				LD_RUNPATH_SEARCH_PATHS = (
					"$(inherited)",
					"@executable_path/Frameworks",
				);
				PRODUCT_BUNDLE_IDENTIFIER = jp.smaphonia.ARKitSample;
				PRODUCT_NAME = "$(TARGET_NAME)";
				SWIFT_VERSION = 4.2;
				TARGETED_DEVICE_FAMILY = "1,2";
			};
			name = Debug;
		};
		D359CE5E21B2442300EA4675 /* Release */ = {
			isa = XCBuildConfiguration;
			buildSettings = {
				ASSETCATALOG_COMPILER_APPICON_NAME = AppIcon;
				CODE_SIGN_STYLE = Automatic;
				DEVELOPMENT_TEAM = 3C9BUVNG4D;
				INFOPLIST_FILE = ARKitSample/Info.plist;
				LD_RUNPATH_SEARCH_PATHS = (
					"$(inherited)",
					"@executable_path/Frameworks",
				);
				PRODUCT_BUNDLE_IDENTIFIER = jp.smaphonia.ARKitSample;
				PRODUCT_NAME = "$(TARGET_NAME)";
				SWIFT_VERSION = 4.2;
				TARGETED_DEVICE_FAMILY = "1,2";
			};
			name = Release;
		};
		D359CE6021B2442300EA4675 /* Debug */ = {
			isa = XCBuildConfiguration;
			buildSettings = {
				ALWAYS_EMBED_SWIFT_STANDARD_LIBRARIES = YES;
				BUNDLE_LOADER = "$(TEST_HOST)";
				CODE_SIGN_STYLE = Automatic;
				DEVELOPMENT_TEAM = 3C9BUVNG4D;
				INFOPLIST_FILE = ARKitSampleTests/Info.plist;
				LD_RUNPATH_SEARCH_PATHS = (
					"$(inherited)",
					"@executable_path/Frameworks",
					"@loader_path/Frameworks",
				);
				PRODUCT_BUNDLE_IDENTIFIER = jp.smaphonia.ARKitSampleTests;
				PRODUCT_NAME = "$(TARGET_NAME)";
				SWIFT_VERSION = 4.2;
				TARGETED_DEVICE_FAMILY = "1,2";
				TEST_HOST = "$(BUILT_PRODUCTS_DIR)/ARKitSample.app/ARKitSample";
			};
			name = Debug;
		};
		D359CE6121B2442300EA4675 /* Release */ = {
			isa = XCBuildConfiguration;
			buildSettings = {
				ALWAYS_EMBED_SWIFT_STANDARD_LIBRARIES = YES;
				BUNDLE_LOADER = "$(TEST_HOST)";
				CODE_SIGN_STYLE = Automatic;
				DEVELOPMENT_TEAM = 3C9BUVNG4D;
				INFOPLIST_FILE = ARKitSampleTests/Info.plist;
				LD_RUNPATH_SEARCH_PATHS = (
					"$(inherited)",
					"@executable_path/Frameworks",
					"@loader_path/Frameworks",
				);
				PRODUCT_BUNDLE_IDENTIFIER = jp.smaphonia.ARKitSampleTests;
				PRODUCT_NAME = "$(TARGET_NAME)";
				SWIFT_VERSION = 4.2;
				TARGETED_DEVICE_FAMILY = "1,2";
				TEST_HOST = "$(BUILT_PRODUCTS_DIR)/ARKitSample.app/ARKitSample";
			};
			name = Release;
		};
		D359CE6321B2442300EA4675 /* Debug */ = {
			isa = XCBuildConfiguration;
			buildSettings = {
				ALWAYS_EMBED_SWIFT_STANDARD_LIBRARIES = YES;
				CODE_SIGN_STYLE = Automatic;
				DEVELOPMENT_TEAM = 3C9BUVNG4D;
				INFOPLIST_FILE = ARKitSampleUITests/Info.plist;
				LD_RUNPATH_SEARCH_PATHS = (
					"$(inherited)",
					"@executable_path/Frameworks",
					"@loader_path/Frameworks",
				);
				PRODUCT_BUNDLE_IDENTIFIER = jp.smaphonia.ARKitSampleUITests;
				PRODUCT_NAME = "$(TARGET_NAME)";
				SWIFT_VERSION = 4.2;
				TARGETED_DEVICE_FAMILY = "1,2";
				TEST_TARGET_NAME = ARKitSample;
			};
			name = Debug;
		};
		D359CE6421B2442300EA4675 /* Release */ = {
			isa = XCBuildConfiguration;
			buildSettings = {
				ALWAYS_EMBED_SWIFT_STANDARD_LIBRARIES = YES;
				CODE_SIGN_STYLE = Automatic;
				DEVELOPMENT_TEAM = 3C9BUVNG4D;
				INFOPLIST_FILE = ARKitSampleUITests/Info.plist;
				LD_RUNPATH_SEARCH_PATHS = (
					"$(inherited)",
					"@executable_path/Frameworks",
					"@loader_path/Frameworks",
				);
				PRODUCT_BUNDLE_IDENTIFIER = jp.smaphonia.ARKitSampleUITests;
				PRODUCT_NAME = "$(TARGET_NAME)";
				SWIFT_VERSION = 4.2;
				TARGETED_DEVICE_FAMILY = "1,2";
				TEST_TARGET_NAME = ARKitSample;
			};
			name = Release;
		};
/* End XCBuildConfiguration section */

/* Begin XCConfigurationList section */
		D359CE2D21B2442100EA4675 /* Build configuration list for PBXProject "ARKitSample" */ = {
			isa = XCConfigurationList;
			buildConfigurations = (
				D359CE5A21B2442300EA4675 /* Debug */,
				D359CE5B21B2442300EA4675 /* Release */,
			);
			defaultConfigurationIsVisible = 0;
			defaultConfigurationName = Release;
		};
		D359CE5C21B2442300EA4675 /* Build configuration list for PBXNativeTarget "ARKitSample" */ = {
			isa = XCConfigurationList;
			buildConfigurations = (
				D359CE5D21B2442300EA4675 /* Debug */,
				D359CE5E21B2442300EA4675 /* Release */,
			);
			defaultConfigurationIsVisible = 0;
			defaultConfigurationName = Release;
		};
		D359CE5F21B2442300EA4675 /* Build configuration list for PBXNativeTarget "ARKitSampleTests" */ = {
			isa = XCConfigurationList;
			buildConfigurations = (
				D359CE6021B2442300EA4675 /* Debug */,
				D359CE6121B2442300EA4675 /* Release */,
			);
			defaultConfigurationIsVisible = 0;
			defaultConfigurationName = Release;
		};
		D359CE6221B2442300EA4675 /* Build configuration list for PBXNativeTarget "ARKitSampleUITests" */ = {
			isa = XCConfigurationList;
			buildConfigurations = (
				D359CE6321B2442300EA4675 /* Debug */,
				D359CE6421B2442300EA4675 /* Release */,
			);
			defaultConfigurationIsVisible = 0;
			defaultConfigurationName = Release;
		};
/* End XCConfigurationList section */
	};
	rootObject = D359CE2A21B2442100EA4675 /* Project object */;
}
